
Microsoft Visual Studio Solution File, Format Version 12.00
# Visual Studio 15
VisualStudioVersion = 15.0.28307.572
MinimumVisualStudioVersion = 10.0.40219.1
Project("{FAE04EC0-301F-11D3-BF4B-00C04F79EFBC}") = "GettingStartedLib", "GettingStartedLib\GettingStartedLib.csproj", "{868CC84F-0DE4-4924-B8A0-8B5AA73CDF2C}"
EndProject
Project("{FAE04EC0-301F-11D3-BF4B-00C04F79EFBC}") = "GettingStartedHost", "GettingStartedHost\GettingStartedHost.csproj", "{A1AFBD90-19FF-48EB-A255-39A5F3E1251A}"
EndProject
Project("{FAE04EC0-301F-11D3-BF4B-00C04F79EFBC}") = "GettingStartedClient", "GettingStartedClient\GettingStartedClient.csproj", "{289D2826-332D-481A-A092-2A2DA6F5AF0D}"
	ProjectSection(ProjectDependencies) = postProject
		{868CC84F-0DE4-4924-B8A0-8B5AA73CDF2C} = {868CC84F-0DE4-4924-B8A0-8B5AA73CDF2C}
	EndProjectSection
EndProject
Global
	GlobalSection(SolutionConfigurationPlatforms) = preSolution
		Debug|Any CPU = Debug|Any CPU
		Release|Any CPU = Release|Any CPU
	EndGlobalSection
	GlobalSection(ProjectConfigurationPlatforms) = postSolution
		{868CC84F-0DE4-4924-B8A0-8B5AA73CDF2C}.Debug|Any CPU.ActiveCfg = Debug|Any CPU
		{868CC84F-0DE4-4924-B8A0-8B5AA73CDF2C}.Debug|Any CPU.Build.0 = Debug|Any CPU
		{868CC84F-0DE4-4924-B8A0-8B5AA73CDF2C}.Release|Any CPU.ActiveCfg = Release|Any CPU
		{868CC84F-0DE4-4924-B8A0-8B5AA73CDF2C}.Release|Any CPU.Build.0 = Release|Any CPU
		{A1AFBD90-19FF-48EB-A255-39A5F3E1251A}.Debug|Any CPU.ActiveCfg = Debug|Any CPU
		{A1AFBD90-19FF-48EB-A255-39A5F3E1251A}.Debug|Any CPU.Build.0 = Debug|Any CPU
		{A1AFBD90-19FF-48EB-A255-39A5F3E1251A}.Release|Any CPU.ActiveCfg = Release|Any CPU
		{A1AFBD90-19FF-48EB-A255-39A5F3E1251A}.Release|Any CPU.Build.0 = Release|Any CPU
		{289D2826-332D-481A-A092-2A2DA6F5AF0D}.Debug|Any CPU.ActiveCfg = Debug|Any CPU
		{289D2826-332D-481A-A092-2A2DA6F5AF0D}.Debug|Any CPU.Build.0 = Debug|Any CPU
		{289D2826-332D-481A-A092-2A2DA6F5AF0D}.Release|Any CPU.ActiveCfg = Release|Any CPU
		{289D2826-332D-481A-A092-2A2DA6F5AF0D}.Release|Any CPU.Build.0 = Release|Any CPU
	EndGlobalSection
	GlobalSection(SolutionProperties) = preSolution
		HideSolutionNode = FALSE
	EndGlobalSection
	GlobalSection(ExtensibilityGlobals) = postSolution
		SolutionGuid = {CBC4EB3C-8EAD-4D41-9B22-1A941FD44D6F}
	EndGlobalSection
EndGlobal
